
Microsoft Visual Studio Solution File, Format Version 12.00
# Visual Studio Version 16
VisualStudioVersion = 16.0.30225.117
MinimumVisualStudioVersion = 10.0.40219.1
Project("{FAE04EC0-301F-11D3-BF4B-00C04F79EFBC}") = "OrderProcessEngine", "OrderProcessEngine\OrderProcessEngine.csproj", "{F93EFC18-EE24-4EDF-8C82-4B188E857E72}"
EndProject
Project("{FAE04EC0-301F-11D3-BF4B-00C04F79EFBC}") = "OrderProcessEngine.Test", "OrderProcessEngine.Test\OrderProcessEngine.Test.csproj", "{15A8E0FD-5BB1-4922-88E6-8A910301A7D7}"
EndProject
Project("{FAE04EC0-301F-11D3-BF4B-00C04F79EFBC}") = "OrderProcessEngine.Core", "OrderProcessEngine.Core\OrderProcessEngine.Core.csproj", "{DAA9C5C5-56D2-4DD1-AC92-34CB286797A6}"
EndProject
Global
	GlobalSection(SolutionConfigurationPlatforms) = preSolution
		Debug|Any CPU = Debug|Any CPU
		Release|Any CPU = Release|Any CPU
	EndGlobalSection
	GlobalSection(ProjectConfigurationPlatforms) = postSolution
		{F93EFC18-EE24-4EDF-8C82-4B188E857E72}.Debug|Any CPU.ActiveCfg = Debug|Any CPU
		{F93EFC18-EE24-4EDF-8C82-4B188E857E72}.Debug|Any CPU.Build.0 = Debug|Any CPU
		{F93EFC18-EE24-4EDF-8C82-4B188E857E72}.Release|Any CPU.ActiveCfg = Release|Any CPU
		{F93EFC18-EE24-4EDF-8C82-4B188E857E72}.Release|Any CPU.Build.0 = Release|Any CPU
		{15A8E0FD-5BB1-4922-88E6-8A910301A7D7}.Debug|Any CPU.ActiveCfg = Debug|Any CPU
		{15A8E0FD-5BB1-4922-88E6-8A910301A7D7}.Debug|Any CPU.Build.0 = Debug|Any CPU
		{15A8E0FD-5BB1-4922-88E6-8A910301A7D7}.Release|Any CPU.ActiveCfg = Release|Any CPU
		{15A8E0FD-5BB1-4922-88E6-8A910301A7D7}.Release|Any CPU.Build.0 = Release|Any CPU
		{DAA9C5C5-56D2-4DD1-AC92-34CB286797A6}.Debug|Any CPU.ActiveCfg = Debug|Any CPU
		{DAA9C5C5-56D2-4DD1-AC92-34CB286797A6}.Debug|Any CPU.Build.0 = Debug|Any CPU
		{DAA9C5C5-56D2-4DD1-AC92-34CB286797A6}.Release|Any CPU.ActiveCfg = Release|Any CPU
		{DAA9C5C5-56D2-4DD1-AC92-34CB286797A6}.Release|Any CPU.Build.0 = Release|Any CPU
	EndGlobalSection
	GlobalSection(SolutionProperties) = preSolution
		HideSolutionNode = FALSE
	EndGlobalSection
	GlobalSection(ExtensibilityGlobals) = postSolution
		SolutionGuid = {45D457C4-39C8-4D5C-A3AE-BE53CF056EFA}
	EndGlobalSection
EndGlobal
